
Microsoft Visual Studio Solution File, Format Version 12.00
# Visual Studio Version 16
VisualStudioVersion = 16.0.29827.131
MinimumVisualStudioVersion = 10.0.40219.1
Project("{FAE04EC0-301F-11D3-BF4B-00C04F79EFBC}") = "CMS", "CMS\CMS.csproj", "{151179EE-D562-4505-9C56-28CC7EAA6982}"
EndProject
Global
	GlobalSection(SolutionConfigurationPlatforms) = preSolution
		Debug|Any CPU = Debug|Any CPU
		Release|Any CPU = Release|Any CPU
	EndGlobalSection
	GlobalSection(ProjectConfigurationPlatforms) = postSolution
		{151179EE-D562-4505-9C56-28CC7EAA6982}.Debug|Any CPU.ActiveCfg = Debug|Any CPU
		{151179EE-D562-4505-9C56-28CC7EAA6982}.Debug|Any CPU.Build.0 = Debug|Any CPU
		{151179EE-D562-4505-9C56-28CC7EAA6982}.Release|Any CPU.ActiveCfg = Release|Any CPU
		{151179EE-D562-4505-9C56-28CC7EAA6982}.Release|Any CPU.Build.0 = Release|Any CPU
	EndGlobalSection
	GlobalSection(SolutionProperties) = preSolution
		HideSolutionNode = FALSE
	EndGlobalSection
	GlobalSection(ExtensibilityGlobals) = postSolution
		SolutionGuid = {9C47337E-DC79-451B-B87E-A9064B8B8408}
	EndGlobalSection
EndGlobal
